// !$*UTF8*$!
{
	archiveVersion = 1;
	classes = {
	};
	objectVersion = 46;
	objects = {

/* Begin PBXBuildFile section */
		B1E2AAEE1AA1B57200BE0D45 /* AppDelegate.swift in Sources */ = {isa = PBXBuildFile; fileRef = B1E2AAED1AA1B57200BE0D45 /* AppDelegate.swift */; };
		B1E2AAF01AA1B57200BE0D45 /* ViewController.swift in Sources */ = {isa = PBXBuildFile; fileRef = B1E2AAEF1AA1B57200BE0D45 /* ViewController.swift */; };
		B1E2AAF31AA1B57200BE0D45 /* Main.storyboard in Resources */ = {isa = PBXBuildFile; fileRef = B1E2AAF11AA1B57200BE0D45 /* Main.storyboard */; };
		B1E2AAF51AA1B57200BE0D45 /* Images.xcassets in Resources */ = {isa = PBXBuildFile; fileRef = B1E2AAF41AA1B57200BE0D45 /* Images.xcassets */; };
		B1E2AAF81AA1B57200BE0D45 /* LaunchScreen.xib in Resources */ = {isa = PBXBuildFile; fileRef = B1E2AAF61AA1B57200BE0D45 /* LaunchScreen.xib */; };
		B1E2AB041AA1B57200BE0D45 /* uiimage_from_urlTests.swift in Sources */ = {isa = PBXBuildFile; fileRef = B1E2AB031AA1B57200BE0D45 /* uiimage_from_urlTests.swift */; };
/* End PBXBuildFile section */

/* Begin PBXContainerItemProxy section */
		B1E2AAFE1AA1B57200BE0D45 /* PBXContainerItemProxy */ = {
			isa = PBXContainerItemProxy;
			containerPortal = B1E2AAE01AA1B57200BE0D45 /* Project object */;
			proxyType = 1;
			remoteGlobalIDString = B1E2AAE71AA1B57200BE0D45;
			remoteInfo = uiimage_from_url;
		};
/* End PBXContainerItemProxy section */

/* Begin PBXFileReference section */
		B1E2AAE81AA1B57200BE0D45 /* uiimage_from_url.app */ = {isa = PBXFileReference; explicitFileType = wrapper.application; includeInIndex = 0; path = uiimage_from_url.app; sourceTree = BUILT_PRODUCTS_DIR; };
		B1E2AAEC1AA1B57200BE0D45 /* Info.plist */ = {isa = PBXFileReference; lastKnownFileType = text.plist.xml; path = Info.plist; sourceTree = "<group>"; };
		B1E2AAED1AA1B57200BE0D45 /* AppDelegate.swift */ = {isa = PBXFileReference; lastKnownFileType = sourcecode.swift; path = AppDelegate.swift; sourceTree = "<group>"; };
		B1E2AAEF1AA1B57200BE0D45 /* ViewController.swift */ = {isa = PBXFileReference; lastKnownFileType = sourcecode.swift; path = ViewController.swift; sourceTree = "<group>"; };
		B1E2AAF21AA1B57200BE0D45 /* Base */ = {isa = PBXFileReference; lastKnownFileType = file.storyboard; name = Base; path = Base.lproj/Main.storyboard; sourceTree = "<group>"; };
		B1E2AAF41AA1B57200BE0D45 /* Images.xcassets */ = {isa = PBXFileReference; lastKnownFileType = folder.assetcatalog; path = Images.xcassets; sourceTree = "<group>"; };
		B1E2AAF71AA1B57200BE0D45 /* Base */ = {isa = PBXFileReference; lastKnownFileType = file.xib; name = Base; path = Base.lproj/LaunchScreen.xib; sourceTree = "<group>"; };
		B1E2AAFD1AA1B57200BE0D45 /* uiimage_from_urlTests.xctest */ = {isa = PBXFileReference; explicitFileType = wrapper.cfbundle; includeInIndex = 0; path = uiimage_from_urlTests.xctest; sourceTree = BUILT_PRODUCTS_DIR; };
		B1E2AB021AA1B57200BE0D45 /* Info.plist */ = {isa = PBXFileReference; lastKnownFileType = text.plist.xml; path = Info.plist; sourceTree = "<group>"; };
		B1E2AB031AA1B57200BE0D45 /* uiimage_from_urlTests.swift */ = {isa = PBXFileReference; lastKnownFileType = sourcecode.swift; path = uiimage_from_urlTests.swift; sourceTree = "<group>"; };
/* End PBXFileReference section */

/* Begin PBXFrameworksBuildPhase section */
		B1E2AAE51AA1B57200BE0D45 /* Frameworks */ = {
			isa = PBXFrameworksBuildPhase;
			buildActionMask = 2147483647;
			files = (
			);
			runOnlyForDeploymentPostprocessing = 0;
		};
		B1E2AAFA1AA1B57200BE0D45 /* Frameworks */ = {
			isa = PBXFrameworksBuildPhase;
			buildActionMask = 2147483647;
			files = (
			);
			runOnlyForDeploymentPostprocessing = 0;
		};
/* End PBXFrameworksBuildPhase section */

/* Begin PBXGroup section */
		B1E2AADF1AA1B57200BE0D45 = {
			isa = PBXGroup;
			children = (
				B1E2AAEA1AA1B57200BE0D45 /* uiimage_from_url */,
				B1E2AB001AA1B57200BE0D45 /* uiimage_from_urlTests */,
				B1E2AAE91AA1B57200BE0D45 /* Products */,
			);
			sourceTree = "<group>";
		};
		B1E2AAE91AA1B57200BE0D45 /* Products */ = {
			isa = PBXGroup;
			children = (
				B1E2AAE81AA1B57200BE0D45 /* uiimage_from_url.app */,
				B1E2AAFD1AA1B57200BE0D45 /* uiimage_from_urlTests.xctest */,
			);
			name = Products;
			sourceTree = "<group>";
		};
		B1E2AAEA1AA1B57200BE0D45 /* uiimage_from_url */ = {
			isa = PBXGroup;
			children = (
				B1E2AAED1AA1B57200BE0D45 /* AppDelegate.swift */,
				B1E2AAEF1AA1B57200BE0D45 /* ViewController.swift */,
				B1E2AAF11AA1B57200BE0D45 /* Main.storyboard */,
				B1E2AAF41AA1B57200BE0D45 /* Images.xcassets */,
				B1E2AAF61AA1B57200BE0D45 /* LaunchScreen.xib */,
				B1E2AAEB1AA1B57200BE0D45 /* Supporting Files */,
			);
			path = uiimage_from_url;
			sourceTree = "<group>";
		};
		B1E2AAEB1AA1B57200BE0D45 /* Supporting Files */ = {
			isa = PBXGroup;
			children = (
				B1E2AAEC1AA1B57200BE0D45 /* Info.plist */,
			);
			name = "Supporting Files";
			sourceTree = "<group>";
		};
		B1E2AB001AA1B57200BE0D45 /* uiimage_from_urlTests */ = {
			isa = PBXGroup;
			children = (
				B1E2AB031AA1B57200BE0D45 /* uiimage_from_urlTests.swift */,
				B1E2AB011AA1B57200BE0D45 /* Supporting Files */,
			);
			path = uiimage_from_urlTests;
			sourceTree = "<group>";
		};
		B1E2AB011AA1B57200BE0D45 /* Supporting Files */ = {
			isa = PBXGroup;
			children = (
				B1E2AB021AA1B57200BE0D45 /* Info.plist */,
			);
			name = "Supporting Files";
			sourceTree = "<group>";
		};
/* End PBXGroup section */

/* Begin PBXNativeTarget section */
		B1E2AAE71AA1B57200BE0D45 /* uiimage_from_url */ = {
			isa = PBXNativeTarget;
			buildConfigurationList = B1E2AB071AA1B57200BE0D45 /* Build configuration list for PBXNativeTarget "uiimage_from_url" */;
			buildPhases = (
				B1E2AAE41AA1B57200BE0D45 /* Sources */,
				B1E2AAE51AA1B57200BE0D45 /* Frameworks */,
				B1E2AAE61AA1B57200BE0D45 /* Resources */,
			);
			buildRules = (
			);
			dependencies = (
			);
			name = uiimage_from_url;
			productName = uiimage_from_url;
			productReference = B1E2AAE81AA1B57200BE0D45 /* uiimage_from_url.app */;
			productType = "com.apple.product-type.application";
		};
		B1E2AAFC1AA1B57200BE0D45 /* uiimage_from_urlTests */ = {
			isa = PBXNativeTarget;
			buildConfigurationList = B1E2AB0A1AA1B57200BE0D45 /* Build configuration list for PBXNativeTarget "uiimage_from_urlTests" */;
			buildPhases = (
				B1E2AAF91AA1B57200BE0D45 /* Sources */,
				B1E2AAFA1AA1B57200BE0D45 /* Frameworks */,
				B1E2AAFB1AA1B57200BE0D45 /* Resources */,
			);
			buildRules = (
			);
			dependencies = (
				B1E2AAFF1AA1B57200BE0D45 /* PBXTargetDependency */,
			);
			name = uiimage_from_urlTests;
			productName = uiimage_from_urlTests;
			productReference = B1E2AAFD1AA1B57200BE0D45 /* uiimage_from_urlTests.xctest */;
			productType = "com.apple.product-type.bundle.unit-test";
		};
/* End PBXNativeTarget section */

/* Begin PBXProject section */
		B1E2AAE01AA1B57200BE0D45 /* Project object */ = {
			isa = PBXProject;
			attributes = {
				LastSwiftMigration = 0700;
				LastSwiftUpdateCheck = 0700;
				LastUpgradeCheck = 0700;
				ORGANIZATIONNAME = KaleidosStudio;
				TargetAttributes = {
					B1E2AAE71AA1B57200BE0D45 = {
						CreatedOnToolsVersion = 6.1.1;
					};
					B1E2AAFC1AA1B57200BE0D45 = {
						CreatedOnToolsVersion = 6.1.1;
						TestTargetID = B1E2AAE71AA1B57200BE0D45;
					};
				};
			};
			buildConfigurationList = B1E2AAE31AA1B57200BE0D45 /* Build configuration list for PBXProject "uiimage_from_url" */;
			compatibilityVersion = "Xcode 3.2";
			developmentRegion = English;
			hasScannedForEncodings = 0;
			knownRegions = (
				en,
				Base,
			);
			mainGroup = B1E2AADF1AA1B57200BE0D45;
			productRefGroup = B1E2AAE91AA1B57200BE0D45 /* Products */;
			projectDirPath = "";
			projectRoot = "";
			targets = (
				B1E2AAE71AA1B57200BE0D45 /* uiimage_from_url */,
				B1E2AAFC1AA1B57200BE0D45 /* uiimage_from_urlTests */,
			);
		};
/* End PBXProject section */

/* Begin PBXResourcesBuildPhase section */
		B1E2AAE61AA1B57200BE0D45 /* Resources */ = {
			isa = PBXResourcesBuildPhase;
			buildActionMask = 2147483647;
			files = (
				B1E2AAF31AA1B57200BE0D45 /* Main.storyboard in Resources */,
				B1E2AAF81AA1B57200BE0D45 /* LaunchScreen.xib in Resources */,
				B1E2AAF51AA1B57200BE0D45 /* Images.xcassets in Resources */,
			);
			runOnlyForDeploymentPostprocessing = 0;
		};
		B1E2AAFB1AA1B57200BE0D45 /* Resources */ = {
			isa = PBXResourcesBuildPhase;
			buildActionMask = 2147483647;
			files = (
			);
			runOnlyForDeploymentPostprocessing = 0;
		};
/* End PBXResourcesBuildPhase section */

/* Begin PBXSourcesBuildPhase section */
		B1E2AAE41AA1B57200BE0D45 /* Sources */ = {
			isa = PBXSourcesBuildPhase;
			buildActionMask = 2147483647;
			files = (
				B1E2AAF01AA1B57200BE0D45 /* ViewController.swift in Sources */,
				B1E2AAEE1AA1B57200BE0D45 /* AppDelegate.swift in Sources */,
			);
			runOnlyForDeploymentPostprocessing = 0;
		};
		B1E2AAF91AA1B57200BE0D45 /* Sources */ = {
			isa = PBXSourcesBuildPhase;
			buildActionMask = 2147483647;
			files = (
				B1E2AB041AA1B57200BE0D45 /* uiimage_from_urlTests.swift in Sources */,
			);
			runOnlyForDeploymentPostprocessing = 0;
		};
/* End PBXSourcesBuildPhase section */

/* Begin PBXTargetDependency section */
		B1E2AAFF1AA1B57200BE0D45 /* PBXTargetDependency */ = {
			isa = PBXTargetDependency;
			target = B1E2AAE71AA1B57200BE0D45 /* uiimage_from_url */;
			targetProxy = B1E2AAFE1AA1B57200BE0D45 /* PBXContainerItemProxy */;
		};
/* End PBXTargetDependency section */

/* Begin PBXVariantGroup section */
		B1E2AAF11AA1B57200BE0D45 /* Main.storyboard */ = {
			isa = PBXVariantGroup;
			children = (
				B1E2AAF21AA1B57200BE0D45 /* Base */,
			);
			name = Main.storyboard;
			sourceTree = "<group>";
		};
		B1E2AAF61AA1B57200BE0D45 /* LaunchScreen.xib */ = {
			isa = PBXVariantGroup;
			children = (
				B1E2AAF71AA1B57200BE0D45 /* Base */,
			);
			name = LaunchScreen.xib;
			sourceTree = "<group>";
		};
/* End PBXVariantGroup section */

/* Begin XCBuildConfiguration section */
		B1E2AB051AA1B57200BE0D45 /* Debug */ = {
			isa = XCBuildConfiguration;
			buildSettings = {
				ALWAYS_SEARCH_USER_PATHS = NO;
				CLANG_CXX_LANGUAGE_STANDARD = "gnu++0x";
				CLANG_CXX_LIBRARY = "libc++";
				CLANG_ENABLE_MODULES = YES;
				CLANG_ENABLE_OBJC_ARC = YES;
				CLANG_WARN_BOOL_CONVERSION = YES;
				CLANG_WARN_CONSTANT_CONVERSION = YES;
				CLANG_WARN_DIRECT_OBJC_ISA_USAGE = YES_ERROR;
				CLANG_WARN_EMPTY_BODY = YES;
				CLANG_WARN_ENUM_CONVERSION = YES;
				CLANG_WARN_INT_CONVERSION = YES;
				CLANG_WARN_OBJC_ROOT_CLASS = YES_ERROR;
				CLANG_WARN_UNREACHABLE_CODE = YES;
				CLANG_WARN__DUPLICATE_METHOD_MATCH = YES;
				"CODE_SIGN_IDENTITY[sdk=iphoneos*]" = "iPhone Developer";
				COPY_PHASE_STRIP = NO;
				ENABLE_STRICT_OBJC_MSGSEND = YES;
				ENABLE_TESTABILITY = YES;
				GCC_C_LANGUAGE_STANDARD = gnu99;
				GCC_DYNAMIC_NO_PIC = NO;
				GCC_OPTIMIZATION_LEVEL = 0;
				GCC_PREPROCESSOR_DEFINITIONS = (
					"DEBUG=1",
					"$(inherited)",
				);
				GCC_SYMBOLS_PRIVATE_EXTERN = NO;
				GCC_WARN_64_TO_32_BIT_CONVERSION = YES;
				GCC_WARN_ABOUT_RETURN_TYPE = YES_ERROR;
				GCC_WARN_UNDECLARED_SELECTOR = YES;
				GCC_WARN_UNINITIALIZED_AUTOS = YES_AGGRESSIVE;
				GCC_WARN_UNUSED_FUNCTION = YES;
				GCC_WARN_UNUSED_VARIABLE = YES;
				IPHONEOS_DEPLOYMENT_TARGET = 9.0;
				MTL_ENABLE_DEBUG_INFO = YES;
				ONLY_ACTIVE_ARCH = YES;
				SDKROOT = iphoneos;
				SWIFT_OPTIMIZATION_LEVEL = "-Onone";
				TARGETED_DEVICE_FAMILY = "1,2";
			};
			name = Debug;
		};
		B1E2AB061AA1B57200BE0D45 /* Release */ = {
			isa = XCBuildConfiguration;
			buildSettings = {
				ALWAYS_SEARCH_USER_PATHS = NO;
				CLANG_CXX_LANGUAGE_STANDARD = "gnu++0x";
				CLANG_CXX_LIBRARY = "libc++";
				CLANG_ENABLE_MODULES = YES;
				CLANG_ENABLE_OBJC_ARC = YES;
				CLANG_WARN_BOOL_CONVERSION = YES;
				CLANG_WARN_CONSTANT_CONVERSION = YES;
				CLANG_WARN_DIRECT_OBJC_ISA_USAGE = YES_ERROR;
				CLANG_WARN_EMPTY_BODY = YES;
				CLANG_WARN_ENUM_CONVERSION = YES;
				CLANG_WARN_INT_CONVERSION = YES;
				CLANG_WARN_OBJC_ROOT_CLASS = YES_ERROR;
				CLANG_WARN_UNREACHABLE_CODE = YES;
				CLANG_WARN__DUPLICATE_METHOD_MATCH = YES;
				"CODE_SIGN_IDENTITY[sdk=iphoneos*]" = "iPhone Developer";
				COPY_PHASE_STRIP = YES;
				ENABLE_NS_ASSERTIONS = NO;
				ENABLE_STRICT_OBJC_MSGSEND = YES;
				GCC_C_LANGUAGE_STANDARD = gnu99;
				GCC_WARN_64_TO_32_BIT_CONVERSION = YES;
				GCC_WARN_ABOUT_RETURN_TYPE = YES_ERROR;
				GCC_WARN_UNDECLARED_SELECTOR = YES;
				GCC_WARN_UNINITIALIZED_AUTOS = YES_AGGRESSIVE;
				GCC_WARN_UNUSED_FUNCTION = YES;
				GCC_WARN_UNUSED_VARIABLE = YES;
				IPHONEOS_DEPLOYMENT_TARGET = 9.0;
				MTL_ENABLE_DEBUG_INFO = NO;
				SDKROOT = iphoneos;
				TARGETED_DEVICE_FAMILY = "1,2";
				VALIDATE_PRODUCT = YES;
			};
			name = Release;
		};
		B1E2AB081AA1B57200BE0D45 /* Debug */ = {
			isa = XCBuildConfiguration;
			buildSettings = {
				ASSETCATALOG_COMPILER_APPICON_NAME = AppIcon;
				INFOPLIST_FILE = uiimage_from_url/Info.plist;
				IPHONEOS_DEPLOYMENT_TARGET = 9.0;
				LD_RUNPATH_SEARCH_PATHS = "$(inherited) @executable_path/Frameworks";
				PRODUCT_BUNDLE_IDENTIFIER = "com.kaleidosstudio.$(PRODUCT_NAME:rfc1034identifier)";
				PRODUCT_NAME = "$(TARGET_NAME)";
			};
			name = Debug;
		};
		B1E2AB091AA1B57200BE0D45 /* Release */ = {
			isa = XCBuildConfiguration;
			buildSettings = {
				ASSETCATALOG_COMPILER_APPICON_NAME = AppIcon;
				INFOPLIST_FILE = uiimage_from_url/Info.plist;
				IPHONEOS_DEPLOYMENT_TARGET = 9.0;
				LD_RUNPATH_SEARCH_PATHS = "$(inherited) @executable_path/Frameworks";
				PRODUCT_BUNDLE_IDENTIFIER = "com.kaleidosstudio.$(PRODUCT_NAME:rfc1034identifier)";
				PRODUCT_NAME = "$(TARGET_NAME)";
			};
			name = Release;
		};
		B1E2AB0B1AA1B57200BE0D45 /* Debug */ = {
			isa = XCBuildConfiguration;
			buildSettings = {
				BUNDLE_LOADER = "$(TEST_HOST)";
				FRAMEWORK_SEARCH_PATHS = (
					"$(SDKROOT)/Developer/Library/Frameworks",
					"$(inherited)",
				);
				GCC_PREPROCESSOR_DEFINITIONS = (
					"DEBUG=1",
					"$(inherited)",
				);
				INFOPLIST_FILE = uiimage_from_urlTests/Info.plist;
				LD_RUNPATH_SEARCH_PATHS = "$(inherited) @executable_path/Frameworks @loader_path/Frameworks";
				PRODUCT_BUNDLE_IDENTIFIER = "com.kaleidosstudio.$(PRODUCT_NAME:rfc1034identifier)";
				PRODUCT_NAME = "$(TARGET_NAME)";
				TEST_HOST = "$(BUILT_PRODUCTS_DIR)/uiimage_from_url.app/uiimage_from_url";
			};
			name = Debug;
		};
		B1E2AB0C1AA1B57200BE0D45 /* Release */ = {
			isa = XCBuildConfiguration;
			buildSettings = {
				BUNDLE_LOADER = "$(TEST_HOST)";
				FRAMEWORK_SEARCH_PATHS = (
					"$(SDKROOT)/Developer/Library/Frameworks",
					"$(inherited)",
				);
				INFOPLIST_FILE = uiimage_from_urlTests/Info.plist;
				LD_RUNPATH_SEARCH_PATHS = "$(inherited) @executable_path/Frameworks @loader_path/Frameworks";
				PRODUCT_BUNDLE_IDENTIFIER = "com.kaleidosstudio.$(PRODUCT_NAME:rfc1034identifier)";
				PRODUCT_NAME = "$(TARGET_NAME)";
				TEST_HOST = "$(BUILT_PRODUCTS_DIR)/uiimage_from_url.app/uiimage_from_url";
			};
			name = Release;
		};
/* End XCBuildConfiguration section */

/* Begin XCConfigurationList section */
		B1E2AAE31AA1B57200BE0D45 /* Build configuration list for PBXProject "uiimage_from_url" */ = {
			isa = XCConfigurationList;
			buildConfigurations = (
				B1E2AB051AA1B57200BE0D45 /* Debug */,
				B1E2AB061AA1B57200BE0D45 /* Release */,
			);
			defaultConfigurationIsVisible = 0;
			defaultConfigurationName = Release;
		};
		B1E2AB071AA1B57200BE0D45 /* Build configuration list for PBXNativeTarget "uiimage_from_url" */ = {
			isa = XCConfigurationList;
			buildConfigurations = (
				B1E2AB081AA1B57200BE0D45 /* Debug */,
				B1E2AB091AA1B57200BE0D45 /* Release */,
			);
			defaultConfigurationIsVisible = 0;
			defaultConfigurationName = Release;
		};
		B1E2AB0A1AA1B57200BE0D45 /* Build configuration list for PBXNativeTarget "uiimage_from_urlTests" */ = {
			isa = XCConfigurationList;
			buildConfigurations = (
				B1E2AB0B1AA1B57200BE0D45 /* Debug */,
				B1E2AB0C1AA1B57200BE0D45 /* Release */,
			);
			defaultConfigurationIsVisible = 0;
			defaultConfigurationName = Release;
		};
/* End XCConfigurationList section */
	};
	rootObject = B1E2AAE01AA1B57200BE0D45 /* Project object */;
}
